Microsoft Visual Studio Solution File, Format Version 12.00
# Visual Studio Version 17
VisualStudioVersion = 17.5.2.0
MinimumVisualStudioVersion = 10.0.40219.1
Project("{FAE04EC0-301F-11D3-BF4B-00C04F79EFBC}") = "QuickTranslate", "QuickTranslate.csproj", "{AF836FC8-4A73-6A49-BDAC-C17F61E5937D}"
EndProject
Global
	GlobalSection(SolutionConfigurationPlatforms) = preSolution
		Debug|Any CPU = Debug|Any CPU
		Release|Any CPU = Release|Any CPU
	EndGlobalSection
	GlobalSection(ProjectConfigurationPlatforms) = postSolution
		{AF836FC8-4A73-6A49-BDAC-C17F61E5937D}.Debug|Any CPU.ActiveCfg = Debug|Any CPU
		{AF836FC8-4A73-6A49-BDAC-C17F61E5937D}.Debug|Any CPU.Build.0 = Debug|Any CPU
		{AF836FC8-4A73-6A49-BDAC-C17F61E5937D}.Release|Any CPU.ActiveCfg = Release|Any CPU
		{AF836FC8-4A73-6A49-BDAC-C17F61E5937D}.Release|Any CPU.Build.0 = Release|Any CPU
	EndGlobalSection
	GlobalSection(SolutionProperties) = preSolution
		HideSolutionNode = FALSE
	EndGlobalSection
	GlobalSection(ExtensibilityGlobals) = postSolution
		SolutionGuid = {A8F03438-C5F1-4007-838A-73D5794D3F06}
	EndGlobalSection
EndGlobal
